// !$*UTF8*$!
{
	archiveVersion = 1;
	classes = {
	};
	objectVersion = 48;
	objects = {

/* Begin PBXBuildFile section */
		63B9CDE01FB79C6B00ACA0FA /* TableViewController.swift in Sources */ = {isa = PBXBuildFile; fileRef = 63B9CDDF1FB79C6B00ACA0FA /* TableViewController.swift */; };
		63E4B0331FB8254500613CAC /* DataStructs.swift in Sources */ = {isa = PBXBuildFile; fileRef = 63E4B0321FB8254500613CAC /* DataStructs.swift */; };
		63F0A8CA1FB0A69F0032BEBF /* AppDelegate.swift in Sources */ = {isa = PBXBuildFile; fileRef = 63F0A8C91FB0A69F0032BEBF /* AppDelegate.swift */; };
		63F0A8CC1FB0A69F0032BEBF /* ProgressViewController.swift in Sources */ = {isa = PBXBuildFile; fileRef = 63F0A8CB1FB0A69F0032BEBF /* ProgressViewController.swift */; };
		63F0A8D11FB0A69F0032BEBF /* Main.storyboard in Resources */ = {isa = PBXBuildFile; fileRef = 63F0A8CF1FB0A69F0032BEBF /* Main.storyboard */; };
		63F0A8D31FB0A69F0032BEBF /* Assets.xcassets in Resources */ = {isa = PBXBuildFile; fileRef = 63F0A8D21FB0A69F0032BEBF /* Assets.xcassets */; };
		63F0A8D61FB0A69F0032BEBF /* LaunchScreen.storyboard in Resources */ = {isa = PBXBuildFile; fileRef = 63F0A8D41FB0A69F0032BEBF /* LaunchScreen.storyboard */; };
		63F0A8E11FB0A69F0032BEBF /* UITabsTests.swift in Sources */ = {isa = PBXBuildFile; fileRef = 63F0A8E01FB0A69F0032BEBF /* UITabsTests.swift */; };
		63F0A8EC1FB0A69F0032BEBF /* UITabsUITests.swift in Sources */ = {isa = PBXBuildFile; fileRef = 63F0A8EB1FB0A69F0032BEBF /* UITabsUITests.swift */; };
		63F0A8FC1FB61B060032BEBF /* ImageViewController.swift in Sources */ = {isa = PBXBuildFile; fileRef = 63F0A8FB1FB61B060032BEBF /* ImageViewController.swift */; };
/* End PBXBuildFile section */

/* Begin PBXContainerItemProxy section */
		63F0A8DD1FB0A69F0032BEBF /* PBXContainerItemProxy */ = {
			isa = PBXContainerItemProxy;
			containerPortal = 63F0A8BE1FB0A69F0032BEBF /* Project object */;
			proxyType = 1;
			remoteGlobalIDString = 63F0A8C51FB0A69F0032BEBF;
			remoteInfo = UITabs;
		};
		63F0A8E81FB0A69F0032BEBF /* PBXContainerItemProxy */ = {
			isa = PBXContainerItemProxy;
			containerPortal = 63F0A8BE1FB0A69F0032BEBF /* Project object */;
			proxyType = 1;
			remoteGlobalIDString = 63F0A8C51FB0A69F0032BEBF;
			remoteInfo = UITabs;
		};
/* End PBXContainerItemProxy section */

/* Begin PBXFileReference section */
		63B9CDDF1FB79C6B00ACA0FA /* TableViewController.swift */ = {isa = PBXFileReference; lastKnownFileType = sourcecode.swift; path = TableViewController.swift; sourceTree = "<group>"; };
		63E4B0321FB8254500613CAC /* DataStructs.swift */ = {isa = PBXFileReference; lastKnownFileType = sourcecode.swift; path = DataStructs.swift; sourceTree = "<group>"; };
		63F0A8C61FB0A69F0032BEBF /* UITabs.app */ = {isa = PBXFileReference; explicitFileType = wrapper.application; includeInIndex = 0; path = UITabs.app; sourceTree = BUILT_PRODUCTS_DIR; };
		63F0A8C91FB0A69F0032BEBF /* AppDelegate.swift */ = {isa = PBXFileReference; lastKnownFileType = sourcecode.swift; path = AppDelegate.swift; sourceTree = "<group>"; };
		63F0A8CB1FB0A69F0032BEBF /* ProgressViewController.swift */ = {isa = PBXFileReference; lastKnownFileType = sourcecode.swift; path = ProgressViewController.swift; sourceTree = "<group>"; };
		63F0A8D01FB0A69F0032BEBF /* Base */ = {isa = PBXFileReference; lastKnownFileType = file.storyboard; name = Base; path = Base.lproj/Main.storyboard; sourceTree = "<group>"; };
		63F0A8D21FB0A69F0032BEBF /* Assets.xcassets */ = {isa = PBXFileReference; lastKnownFileType = folder.assetcatalog; path = Assets.xcassets; sourceTree = "<group>"; };
		63F0A8D51FB0A69F0032BEBF /* Base */ = {isa = PBXFileReference; lastKnownFileType = file.storyboard; name = Base; path = Base.lproj/LaunchScreen.storyboard; sourceTree = "<group>"; };
		63F0A8D71FB0A69F0032BEBF /* Info.plist */ = {isa = PBXFileReference; lastKnownFileType = text.plist.xml; path = Info.plist; sourceTree = "<group>"; };
		63F0A8DC1FB0A69F0032BEBF /* UITabsTests.xctest */ = {isa = PBXFileReference; explicitFileType = wrapper.cfbundle; includeInIndex = 0; path = UITabsTests.xctest; sourceTree = BUILT_PRODUCTS_DIR; };
		63F0A8E01FB0A69F0032BEBF /* UITabsTests.swift */ = {isa = PBXFileReference; lastKnownFileType = sourcecode.swift; path = UITabsTests.swift; sourceTree = "<group>"; };
		63F0A8E21FB0A69F0032BEBF /* Info.plist */ = {isa = PBXFileReference; lastKnownFileType = text.plist.xml; path = Info.plist; sourceTree = "<group>"; };
		63F0A8E71FB0A69F0032BEBF /* UITabsUITests.xctest */ = {isa = PBXFileReference; explicitFileType = wrapper.cfbundle; includeInIndex = 0; path = UITabsUITests.xctest; sourceTree = BUILT_PRODUCTS_DIR; };
		63F0A8EB1FB0A69F0032BEBF /* UITabsUITests.swift */ = {isa = PBXFileReference; lastKnownFileType = sourcecode.swift; path = UITabsUITests.swift; sourceTree = "<group>"; };
		63F0A8ED1FB0A69F0032BEBF /* Info.plist */ = {isa = PBXFileReference; lastKnownFileType = text.plist.xml; path = Info.plist; sourceTree = "<group>"; };
		63F0A8FB1FB61B060032BEBF /* ImageViewController.swift */ = {isa = PBXFileReference; lastKnownFileType = sourcecode.swift; path = ImageViewController.swift; sourceTree = "<group>"; };
/* End PBXFileReference section */

/* Begin PBXFrameworksBuildPhase section */
		63F0A8C31FB0A69F0032BEBF /* Frameworks */ = {
			isa = PBXFrameworksBuildPhase;
			buildActionMask = 2147483647;
			files = (
			);
			runOnlyForDeploymentPostprocessing = 0;
		};
		63F0A8D91FB0A69F0032BEBF /* Frameworks */ = {
			isa = PBXFrameworksBuildPhase;
			buildActionMask = 2147483647;
			files = (
			);
			runOnlyForDeploymentPostprocessing = 0;
		};
		63F0A8E41FB0A69F0032BEBF /* Frameworks */ = {
			isa = PBXFrameworksBuildPhase;
			buildActionMask = 2147483647;
			files = (
			);
			runOnlyForDeploymentPostprocessing = 0;
		};
/* End PBXFrameworksBuildPhase section */

/* Begin PBXGroup section */
		63F0A8BD1FB0A69F0032BEBF = {
			isa = PBXGroup;
			children = (
				63F0A8C81FB0A69F0032BEBF /* UITabs */,
				63F0A8DF1FB0A69F0032BEBF /* UITabsTests */,
				63F0A8EA1FB0A69F0032BEBF /* UITabsUITests */,
				63F0A8C71FB0A69F0032BEBF /* Products */,
			);
			sourceTree = "<group>";
		};
		63F0A8C71FB0A69F0032BEBF /* Products */ = {
			isa = PBXGroup;
			children = (
				63F0A8C61FB0A69F0032BEBF /* UITabs.app */,
				63F0A8DC1FB0A69F0032BEBF /* UITabsTests.xctest */,
				63F0A8E71FB0A69F0032BEBF /* UITabsUITests.xctest */,
			);
			name = Products;
			sourceTree = "<group>";
		};
		63F0A8C81FB0A69F0032BEBF /* UITabs */ = {
			isa = PBXGroup;
			children = (
				63F0A8C91FB0A69F0032BEBF /* AppDelegate.swift */,
				63F0A8CB1FB0A69F0032BEBF /* ProgressViewController.swift */,
				63B9CDDF1FB79C6B00ACA0FA /* TableViewController.swift */,
				63F0A8FB1FB61B060032BEBF /* ImageViewController.swift */,
				63F0A8CF1FB0A69F0032BEBF /* Main.storyboard */,
				63F0A8D21FB0A69F0032BEBF /* Assets.xcassets */,
				63F0A8D41FB0A69F0032BEBF /* LaunchScreen.storyboard */,
				63F0A8D71FB0A69F0032BEBF /* Info.plist */,
				63E4B0321FB8254500613CAC /* DataStructs.swift */,
			);
			path = UITabs;
			sourceTree = "<group>";
		};
		63F0A8DF1FB0A69F0032BEBF /* UITabsTests */ = {
			isa = PBXGroup;
			children = (
				63F0A8E01FB0A69F0032BEBF /* UITabsTests.swift */,
				63F0A8E21FB0A69F0032BEBF /* Info.plist */,
			);
			path = UITabsTests;
			sourceTree = "<group>";
		};
		63F0A8EA1FB0A69F0032BEBF /* UITabsUITests */ = {
			isa = PBXGroup;
			children = (
				63F0A8EB1FB0A69F0032BEBF /* UITabsUITests.swift */,
				63F0A8ED1FB0A69F0032BEBF /* Info.plist */,
			);
			path = UITabsUITests;
			sourceTree = "<group>";
		};
/* End PBXGroup section */

/* Begin PBXNativeTarget section */
		63F0A8C51FB0A69F0032BEBF /* UITabs */ = {
			isa = PBXNativeTarget;
			buildConfigurationList = 63F0A8F01FB0A69F0032BEBF /* Build configuration list for PBXNativeTarget "UITabs" */;
			buildPhases = (
				63F0A8C21FB0A69F0032BEBF /* Sources */,
				63F0A8C31FB0A69F0032BEBF /* Frameworks */,
				63F0A8C41FB0A69F0032BEBF /* Resources */,
			);
			buildRules = (
			);
			dependencies = (
			);
			name = UITabs;
			productName = UITabs;
			productReference = 63F0A8C61FB0A69F0032BEBF /* UITabs.app */;
			productType = "com.apple.product-type.application";
		};
		63F0A8DB1FB0A69F0032BEBF /* UITabsTests */ = {
			isa = PBXNativeTarget;
			buildConfigurationList = 63F0A8F31FB0A69F0032BEBF /* Build configuration list for PBXNativeTarget "UITabsTests" */;
			buildPhases = (
				63F0A8D81FB0A69F0032BEBF /* Sources */,
				63F0A8D91FB0A69F0032BEBF /* Frameworks */,
				63F0A8DA1FB0A69F0032BEBF /* Resources */,
			);
			buildRules = (
			);
			dependencies = (
				63F0A8DE1FB0A69F0032BEBF /* PBXTargetDependency */,
			);
			name = UITabsTests;
			productName = UITabsTests;
			productReference = 63F0A8DC1FB0A69F0032BEBF /* UITabsTests.xctest */;
			productType = "com.apple.product-type.bundle.unit-test";
		};
		63F0A8E61FB0A69F0032BEBF /* UITabsUITests */ = {
			isa = PBXNativeTarget;
			buildConfigurationList = 63F0A8F61FB0A69F0032BEBF /* Build configuration list for PBXNativeTarget "UITabsUITests" */;
			buildPhases = (
				63F0A8E31FB0A69F0032BEBF /* Sources */,
				63F0A8E41FB0A69F0032BEBF /* Frameworks */,
				63F0A8E51FB0A69F0032BEBF /* Resources */,
			);
			buildRules = (
			);
			dependencies = (
				63F0A8E91FB0A69F0032BEBF /* PBXTargetDependency */,
			);
			name = UITabsUITests;
			productName = UITabsUITests;
			productReference = 63F0A8E71FB0A69F0032BEBF /* UITabsUITests.xctest */;
			productType = "com.apple.product-type.bundle.ui-testing";
		};
/* End PBXNativeTarget section */

/* Begin PBXProject section */
		63F0A8BE1FB0A69F0032BEBF /* Project object */ = {
			isa = PBXProject;
			attributes = {
				LastSwiftUpdateCheck = 0910;
				LastUpgradeCheck = 0910;
				ORGANIZATIONNAME = "Christine Berger";
				TargetAttributes = {
					63F0A8C51FB0A69F0032BEBF = {
						CreatedOnToolsVersion = 9.1;
						ProvisioningStyle = Automatic;
					};
					63F0A8DB1FB0A69F0032BEBF = {
						CreatedOnToolsVersion = 9.1;
						ProvisioningStyle = Automatic;
						TestTargetID = 63F0A8C51FB0A69F0032BEBF;
					};
					63F0A8E61FB0A69F0032BEBF = {
						CreatedOnToolsVersion = 9.1;
						ProvisioningStyle = Automatic;
						TestTargetID = 63F0A8C51FB0A69F0032BEBF;
					};
				};
			};
			buildConfigurationList = 63F0A8C11FB0A69F0032BEBF /* Build configuration list for PBXProject "UITabs" */;
			compatibilityVersion = "Xcode 8.0";
			developmentRegion = en;
			hasScannedForEncodings = 0;
			knownRegions = (
				en,
				Base,
			);
			mainGroup = 63F0A8BD1FB0A69F0032BEBF;
			productRefGroup = 63F0A8C71FB0A69F0032BEBF /* Products */;
			projectDirPath = "";
			projectRoot = "";
			targets = (
				63F0A8C51FB0A69F0032BEBF /* UITabs */,
				63F0A8DB1FB0A69F0032BEBF /* UITabsTests */,
				63F0A8E61FB0A69F0032BEBF /* UITabsUITests */,
			);
		};
/* End PBXProject section */

/* Begin PBXResourcesBuildPhase section */
		63F0A8C41FB0A69F0032BEBF /* Resources */ = {
			isa = PBXResourcesBuildPhase;
			buildActionMask = 2147483647;
			files = (
				63F0A8D61FB0A69F0032BEBF /* LaunchScreen.storyboard in Resources */,
				63F0A8D31FB0A69F0032BEBF /* Assets.xcassets in Resources */,
				63F0A8D11FB0A69F0032BEBF /* Main.storyboard in Resources */,
			);
			runOnlyForDeploymentPostprocessing = 0;
		};
		63F0A8DA1FB0A69F0032BEBF /* Resources */ = {
			isa = PBXResourcesBuildPhase;
			buildActionMask = 2147483647;
			files = (
			);
			runOnlyForDeploymentPostprocessing = 0;
		};
		63F0A8E51FB0A69F0032BEBF /* Resources */ = {
			isa = PBXResourcesBuildPhase;
			buildActionMask = 2147483647;
			files = (
			);
			runOnlyForDeploymentPostprocessing = 0;
		};
/* End PBXResourcesBuildPhase section */

/* Begin PBXSourcesBuildPhase section */
		63F0A8C21FB0A69F0032BEBF /* Sources */ = {
			isa = PBXSourcesBuildPhase;
			buildActionMask = 2147483647;
			files = (
				63F0A8FC1FB61B060032BEBF /* ImageViewController.swift in Sources */,
				63F0A8CA1FB0A69F0032BEBF /* AppDelegate.swift in Sources */,
				63E4B0331FB8254500613CAC /* DataStructs.swift in Sources */,
				63F0A8CC1FB0A69F0032BEBF /* ProgressViewController.swift in Sources */,
				63B9CDE01FB79C6B00ACA0FA /* TableViewController.swift in Sources */,
			);
			runOnlyForDeploymentPostprocessing = 0;
		};
		63F0A8D81FB0A69F0032BEBF /* Sources */ = {
			isa = PBXSourcesBuildPhase;
			buildActionMask = 2147483647;
			files = (
				63F0A8E11FB0A69F0032BEBF /* UITabsTests.swift in Sources */,
			);
			runOnlyForDeploymentPostprocessing = 0;
		};
		63F0A8E31FB0A69F0032BEBF /* Sources */ = {
			isa = PBXSourcesBuildPhase;
			buildActionMask = 2147483647;
			files = (
				63F0A8EC1FB0A69F0032BEBF /* UITabsUITests.swift in Sources */,
			);
			runOnlyForDeploymentPostprocessing = 0;
		};
/* End PBXSourcesBuildPhase section */

/* Begin PBXTargetDependency section */
		63F0A8DE1FB0A69F0032BEBF /* PBXTargetDependency */ = {
			isa = PBXTargetDependency;
			target = 63F0A8C51FB0A69F0032BEBF /* UITabs */;
			targetProxy = 63F0A8DD1FB0A69F0032BEBF /* PBXContainerItemProxy */;
		};
		63F0A8E91FB0A69F0032BEBF /* PBXTargetDependency */ = {
			isa = PBXTargetDependency;
			target = 63F0A8C51FB0A69F0032BEBF /* UITabs */;
			targetProxy = 63F0A8E81FB0A69F0032BEBF /* PBXContainerItemProxy */;
		};
/* End PBXTargetDependency section */

/* Begin PBXVariantGroup section */
		63F0A8CF1FB0A69F0032BEBF /* Main.storyboard */ = {
			isa = PBXVariantGroup;
			children = (
				63F0A8D01FB0A69F0032BEBF /* Base */,
			);
			name = Main.storyboard;
			sourceTree = "<group>";
		};
		63F0A8D41FB0A69F0032BEBF /* LaunchScreen.storyboard */ = {
			isa = PBXVariantGroup;
			children = (
				63F0A8D51FB0A69F0032BEBF /* Base */,
			);
			name = LaunchScreen.storyboard;
			sourceTree = "<group>";
		};
/* End PBXVariantGroup section */

/* Begin XCBuildConfiguration section */
		63F0A8EE1FB0A69F0032BEBF /* Debug */ = {
			isa = XCBuildConfiguration;
			buildSettings = {
				ALWAYS_SEARCH_USER_PATHS = NO;
				CLANG_ANALYZER_NONNULL = YES;
				CLANG_ANALYZER_NUMBER_OBJECT_CONVERSION = YES_AGGRESSIVE;
				CLANG_CXX_LANGUAGE_STANDARD = "gnu++14";
				CLANG_CXX_LIBRARY = "libc++";
				CLANG_ENABLE_MODULES = YES;
				CLANG_ENABLE_OBJC_ARC = YES;
				CLANG_WARN_BLOCK_CAPTURE_AUTORELEASING = YES;
				CLANG_WARN_BOOL_CONVERSION = YES;
				CLANG_WARN_COMMA = YES;
				CLANG_WARN_CONSTANT_CONVERSION = YES;
				CLANG_WARN_DIRECT_OBJC_ISA_USAGE = YES_ERROR;
				CLANG_WARN_DOCUMENTATION_COMMENTS = YES;
				CLANG_WARN_EMPTY_BODY = YES;
				CLANG_WARN_ENUM_CONVERSION = YES;
				CLANG_WARN_INFINITE_RECURSION = YES;
				CLANG_WARN_INT_CONVERSION = YES;
				CLANG_WARN_NON_LITERAL_NULL_CONVERSION = YES;
				CLANG_WARN_OBJC_LITERAL_CONVERSION = YES;
				CLANG_WARN_OBJC_ROOT_CLASS = YES_ERROR;
				CLANG_WARN_RANGE_LOOP_ANALYSIS = YES;
				CLANG_WARN_STRICT_PROTOTYPES = YES;
				CLANG_WARN_SUSPICIOUS_MOVE = YES;
				CLANG_WARN_UNGUARDED_AVAILABILITY = YES_AGGRESSIVE;
				CLANG_WARN_UNREACHABLE_CODE = YES;
				CLANG_WARN__DUPLICATE_METHOD_MATCH = YES;
				CODE_SIGN_IDENTITY = "iPhone Developer";
				COPY_PHASE_STRIP = NO;
				DEBUG_INFORMATION_FORMAT = dwarf;
				ENABLE_STRICT_OBJC_MSGSEND = YES;
				ENABLE_TESTABILITY = YES;
				GCC_C_LANGUAGE_STANDARD = gnu11;
				GCC_DYNAMIC_NO_PIC = NO;
				GCC_NO_COMMON_BLOCKS = YES;
				GCC_OPTIMIZATION_LEVEL = 0;
				GCC_PREPROCESSOR_DEFINITIONS = (
					"DEBUG=1",
					"$(inherited)",
				);
				GCC_WARN_64_TO_32_BIT_CONVERSION = YES;
				GCC_WARN_ABOUT_RETURN_TYPE = YES_ERROR;
				GCC_WARN_UNDECLARED_SELECTOR = YES;
				GCC_WARN_UNINITIALIZED_AUTOS = YES_AGGRESSIVE;
				GCC_WARN_UNUSED_FUNCTION = YES;
				GCC_WARN_UNUSED_VARIABLE = YES;
				IPHONEOS_DEPLOYMENT_TARGET = 11.1;
				MTL_ENABLE_DEBUG_INFO = YES;
				ONLY_ACTIVE_ARCH = YES;
				SDKROOT = iphoneos;
				SWIFT_ACTIVE_COMPILATION_CONDITIONS = DEBUG;
				SWIFT_OPTIMIZATION_LEVEL = "-Onone";
			};
			name = Debug;
		};
		63F0A8EF1FB0A69F0032BEBF /* Release */ = {
			isa = XCBuildConfiguration;
			buildSettings = {
				ALWAYS_SEARCH_USER_PATHS = NO;
				CLANG_ANALYZER_NONNULL = YES;
				CLANG_ANALYZER_NUMBER_OBJECT_CONVERSION = YES_AGGRESSIVE;
				CLANG_CXX_LANGUAGE_STANDARD = "gnu++14";
				CLANG_CXX_LIBRARY = "libc++";
				CLANG_ENABLE_MODULES = YES;
				CLANG_ENABLE_OBJC_ARC = YES;
				CLANG_WARN_BLOCK_CAPTURE_AUTORELEASING = YES;
				CLANG_WARN_BOOL_CONVERSION = YES;
				CLANG_WARN_COMMA = YES;
				CLANG_WARN_CONSTANT_CONVERSION = YES;
				CLANG_WARN_DIRECT_OBJC_ISA_USAGE = YES_ERROR;
				CLANG_WARN_DOCUMENTATION_COMMENTS = YES;
				CLANG_WARN_EMPTY_BODY = YES;
				CLANG_WARN_ENUM_CONVERSION = YES;
				CLANG_WARN_INFINITE_RECURSION = YES;
				CLANG_WARN_INT_CONVERSION = YES;
				CLANG_WARN_NON_LITERAL_NULL_CONVERSION = YES;
				CLANG_WARN_OBJC_LITERAL_CONVERSION = YES;
				CLANG_WARN_OBJC_ROOT_CLASS = YES_ERROR;
				CLANG_WARN_RANGE_LOOP_ANALYSIS = YES;
				CLANG_WARN_STRICT_PROTOTYPES = YES;
				CLANG_WARN_SUSPICIOUS_MOVE = YES;
				CLANG_WARN_UNGUARDED_AVAILABILITY = YES_AGGRESSIVE;
				CLANG_WARN_UNREACHABLE_CODE = YES;
				CLANG_WARN__DUPLICATE_METHOD_MATCH = YES;
				CODE_SIGN_IDENTITY = "iPhone Developer";
				COPY_PHASE_STRIP = NO;
				DEBUG_INFORMATION_FORMAT = "dwarf-with-dsym";
				ENABLE_NS_ASSERTIONS = NO;
				ENABLE_STRICT_OBJC_MSGSEND = YES;
				GCC_C_LANGUAGE_STANDARD = gnu11;
				GCC_NO_COMMON_BLOCKS = YES;
				GCC_WARN_64_TO_32_BIT_CONVERSION = YES;
				GCC_WARN_ABOUT_RETURN_TYPE = YES_ERROR;
				GCC_WARN_UNDECLARED_SELECTOR = YES;
				GCC_WARN_UNINITIALIZED_AUTOS = YES_AGGRESSIVE;
				GCC_WARN_UNUSED_FUNCTION = YES;
				GCC_WARN_UNUSED_VARIABLE = YES;
				IPHONEOS_DEPLOYMENT_TARGET = 11.1;
				MTL_ENABLE_DEBUG_INFO = NO;
				SDKROOT = iphoneos;
				SWIFT_OPTIMIZATION_LEVEL = "-Owholemodule";
				VALIDATE_PRODUCT = YES;
			};
			name = Release;
		};
		63F0A8F11FB0A69F0032BEBF /* Debug */ = {
			isa = XCBuildConfiguration;
			buildSettings = {
				ASSETCATALOG_COMPILER_APPICON_NAME = AppIcon;
				CODE_SIGN_STYLE = Automatic;
				INFOPLIST_FILE = UITabs/Info.plist;
				LD_RUNPATH_SEARCH_PATHS = "$(inherited) @executable_path/Frameworks";
				PRODUCT_BUNDLE_IDENTIFIER = GCSC.UITabs;
				PRODUCT_NAME = "$(TARGET_NAME)";
				SWIFT_VERSION = 4.0;
				TARGETED_DEVICE_FAMILY = "1,2";
			};
			name = Debug;
		};
		63F0A8F21FB0A69F0032BEBF /* Release */ = {
			isa = XCBuildConfiguration;
			buildSettings = {
				ASSETCATALOG_COMPILER_APPICON_NAME = AppIcon;
				CODE_SIGN_STYLE = Automatic;
				INFOPLIST_FILE = UITabs/Info.plist;
				LD_RUNPATH_SEARCH_PATHS = "$(inherited) @executable_path/Frameworks";
				PRODUCT_BUNDLE_IDENTIFIER = GCSC.UITabs;
				PRODUCT_NAME = "$(TARGET_NAME)";
				SWIFT_VERSION = 4.0;
				TARGETED_DEVICE_FAMILY = "1,2";
			};
			name = Release;
		};
		63F0A8F41FB0A69F0032BEBF /* Debug */ = {
			isa = XCBuildConfiguration;
			buildSettings = {
				ALWAYS_EMBED_SWIFT_STANDARD_LIBRARIES = YES;
				BUNDLE_LOADER = "$(TEST_HOST)";
				CODE_SIGN_STYLE = Automatic;
				INFOPLIST_FILE = UITabsTests/Info.plist;
				LD_RUNPATH_SEARCH_PATHS = "$(inherited) @executable_path/Frameworks @loader_path/Frameworks";
				PRODUCT_BUNDLE_IDENTIFIER = GCSC.UITabsTests;
				PRODUCT_NAME = "$(TARGET_NAME)";
				SWIFT_VERSION = 4.0;
				TARGETED_DEVICE_FAMILY = "1,2";
				TEST_HOST = "$(BUILT_PRODUCTS_DIR)/UITabs.app/UITabs";
			};
			name = Debug;
		};
		63F0A8F51FB0A69F0032BEBF /* Release */ = {
			isa = XCBuildConfiguration;
			buildSettings = {
				ALWAYS_EMBED_SWIFT_STANDARD_LIBRARIES = YES;
				BUNDLE_LOADER = "$(TEST_HOST)";
				CODE_SIGN_STYLE = Automatic;
				INFOPLIST_FILE = UITabsTests/Info.plist;
				LD_RUNPATH_SEARCH_PATHS = "$(inherited) @executable_path/Frameworks @loader_path/Frameworks";
				PRODUCT_BUNDLE_IDENTIFIER = GCSC.UITabsTests;
				PRODUCT_NAME = "$(TARGET_NAME)";
				SWIFT_VERSION = 4.0;
				TARGETED_DEVICE_FAMILY = "1,2";
				TEST_HOST = "$(BUILT_PRODUCTS_DIR)/UITabs.app/UITabs";
			};
			name = Release;
		};
		63F0A8F71FB0A69F0032BEBF /* Debug */ = {
			isa = XCBuildConfiguration;
			buildSettings = {
				ALWAYS_EMBED_SWIFT_STANDARD_LIBRARIES = YES;
				CODE_SIGN_STYLE = Automatic;
				INFOPLIST_FILE = UITabsUITests/Info.plist;
				LD_RUNPATH_SEARCH_PATHS = "$(inherited) @executable_path/Frameworks @loader_path/Frameworks";
				PRODUCT_BUNDLE_IDENTIFIER = GCSC.UITabsUITests;
				PRODUCT_NAME = "$(TARGET_NAME)";
				SWIFT_VERSION = 4.0;
				TARGETED_DEVICE_FAMILY = "1,2";
				TEST_TARGET_NAME = UITabs;
			};
			name = Debug;
		};
		63F0A8F81FB0A69F0032BEBF /* Release */ = {
			isa = XCBuildConfiguration;
			buildSettings = {
				ALWAYS_EMBED_SWIFT_STANDARD_LIBRARIES = YES;
				CODE_SIGN_STYLE = Automatic;
				INFOPLIST_FILE = UITabsUITests/Info.plist;
				LD_RUNPATH_SEARCH_PATHS = "$(inherited) @executable_path/Frameworks @loader_path/Frameworks";
				PRODUCT_BUNDLE_IDENTIFIER = GCSC.UITabsUITests;
				PRODUCT_NAME = "$(TARGET_NAME)";
				SWIFT_VERSION = 4.0;
				TARGETED_DEVICE_FAMILY = "1,2";
				TEST_TARGET_NAME = UITabs;
			};
			name = Release;
		};
/* End XCBuildConfiguration section */

/* Begin XCConfigurationList section */
		63F0A8C11FB0A69F0032BEBF /* Build configuration list for PBXProject "UITabs" */ = {
			isa = XCConfigurationList;
			buildConfigurations = (
				63F0A8EE1FB0A69F0032BEBF /* Debug */,
				63F0A8EF1FB0A69F0032BEBF /* Release */,
			);
			defaultConfigurationIsVisible = 0;
			defaultConfigurationName = Release;
		};
		63F0A8F01FB0A69F0032BEBF /* Build configuration list for PBXNativeTarget "UITabs" */ = {
			isa = XCConfigurationList;
			buildConfigurations = (
				63F0A8F11FB0A69F0032BEBF /* Debug */,
				63F0A8F21FB0A69F0032BEBF /* Release */,
			);
			defaultConfigurationIsVisible = 0;
			defaultConfigurationName = Release;
		};
		63F0A8F31FB0A69F0032BEBF /* Build configuration list for PBXNativeTarget "UITabsTests" */ = {
			isa = XCConfigurationList;
			buildConfigurations = (
				63F0A8F41FB0A69F0032BEBF /* Debug */,
				63F0A8F51FB0A69F0032BEBF /* Release */,
			);
			defaultConfigurationIsVisible = 0;
			defaultConfigurationName = Release;
		};
		63F0A8F61FB0A69F0032BEBF /* Build configuration list for PBXNativeTarget "UITabsUITests" */ = {
			isa = XCConfigurationList;
			buildConfigurations = (
				63F0A8F71FB0A69F0032BEBF /* Debug */,
				63F0A8F81FB0A69F0032BEBF /* Release */,
			);
			defaultConfigurationIsVisible = 0;
			defaultConfigurationName = Release;
		};
/* End XCConfigurationList section */
	};
	rootObject = 63F0A8BE1FB0A69F0032BEBF /* Project object */;
}
